# THIS IS AN AUTOGENERATED FILE. DO NOT EDIT THIS FILE DIRECTLY.
assets/main.min.css:
  development: 2018-01-18T20:57:37-05:00
assets/main.min.js:
  development: 2018-01-18T21:07:13-05:00   4800dbb3d472d290e8f73ecaa99f60d4
assets/shopify_common.js:
  development: 2018-01-18T21:05:29-05:00   bf001459d7d6c7c05491db53511b03b1
assets/vendor.min.css:
  development: 2018-01-18T21:07:32-05:00   d66e2fb62859704e16091ba118017fdd
assets/vendor.min.js:
  development: 2018-01-18T21:06:37-05:00
config/settings_data.json:
  development: 2018-01-18T20:38:21-05:00   99914b932bd37a50b983c5e7c90ae93b
config/settings_schema.json:
  development: 2018-01-18T20:38:22-05:00   a1aad4925e9a7569560e23cc6ecf93c1
layout/theme.liquid:
  development: 2018-01-18T21:08:54-05:00   b8861d4a53fbd1d1e4763fdd742f840c
snippets/footer.liquid:
  development: 2018-01-18T21:02:51-05:00   79389485794879fefdd67ab317e83729
snippets/header.liquid:
  development: 2018-01-18T21:12:14-05:00   3bb7067431fc3c9400e6dec90410f30a
snippets/nav.liquid:
  development: 2018-01-18T21:12:03-05:00   80ec9d7542f21e3f8416a6ec08cbcf69
templates/404.liquid:
  development: 2018-01-18T20:38:21-05:00   153e2e400162f1ffc97dba4700b0d62b
templates/article.liquid:
  development: 2018-01-18T20:38:21-05:00   ade6f93b4427ea6f91c320463f2dacec
templates/blog.liquid:
  development: 2018-01-18T20:38:21-05:00   0598241c38b5f2aafb30cbaf1219373e
templates/cart.liquid:
  development: 2018-01-18T20:38:22-05:00   979ea5c9aba2d3cf542754947eefbacd
templates/collection.liquid:
  development: 2018-01-18T20:38:22-05:00   ef8480e4b29e1ddb0af2ca059a3f1917
templates/index.liquid:
  development: 2018-01-18T21:12:47-05:00   9b42129f3df9d61e7d1c42dc2ef2b1c0
templates/list-collections.liquid:
  development: 2018-01-18T20:38:22-05:00   31e3dc19c53b28349257f298c8f11c22
templates/page.liquid:
  development: 2018-01-18T20:38:22-05:00   fac0e67335e3d2665f644c69e0187f92
templates/password.liquid:
  development: 2018-01-18T20:38:22-05:00   53eb5f0c8643496a7cfb5458addb14e0
templates/product.liquid:
  development: 2018-01-18T20:38:22-05:00   98e1ea7c53e4193a1e39cf0ec9b5bf52
templates/search.liquid:
  development: 2018-01-18T20:38:22-05:00   ccc9508f4c5e7043ee796775bcb10ce8
