# THIS IS AN AUTOGENERATED FILE. DO NOT EDIT THIS FILE DIRECTLY.
assets/1S5A0166601.jpg:
  development: 2018-04-03T16:06:12-04:00   099bb6349ccd7a646d64923584e53eef
assets/Akkurat-Leicht.eot:
  development: 2018-04-03T16:06:12-04:00   4cf1a18c8eefc74513b5002bbc036f2c
assets/Akkurat-Leicht.otf:
  development: 2018-04-03T16:06:12-04:00   4f239d086d0f752c0dc1b88d3382d107
assets/Akkurat-Leicht.svg:
  development: 2018-04-03T16:06:12-04:00   252131d1f050f6c1424576fd56bab104
assets/Akkurat-Leicht.ttf:
  development: 2018-04-03T16:06:13-04:00   917ef0c2da300629a1eb6c633e907f26
assets/Akkurat-Leicht.woff:
  development: 2018-04-03T16:06:13-04:00   a013ceac1c368f578244a825c73ffd16
assets/AkkuratPro-Regular.eot:
  development: 2018-04-03T16:06:13-04:00   6272c7787d9f1be49e0354a0fe11e69b
assets/AkkuratPro-Regular.otf:
  development: 2018-04-03T16:06:13-04:00   506b811f0acf754655f4f423ea564903
assets/AkkuratPro-Regular.svg:
  development: 2018-04-03T16:06:13-04:00   bf8769541feb25fb65143eee54bae9cf
assets/AkkuratPro-Regular.ttf:
  development: 2018-04-03T16:06:13-04:00   07342e07965f37172b520b250770b66b
assets/AkkuratPro-Regular.woff:
  development: 2018-04-03T16:06:13-04:00   fbf2c6b6cc6b6bf857c697aef48479b5
assets/SonneCare_311.jpg:
  development: 2018-04-03T16:06:13-04:00   b826b7b53cc4bf32326922ad341bcff4
assets/background.jpg:
  development: 2018-04-03T16:06:13-04:00   e132c0e433383001da58ebcfa9aa1628
assets/fastclick.min.js:
  development: 2018-04-03T16:06:13-04:00   a8082e71d6b046776c20a40496c0917b
assets/home.jpg:
  development: 2018-04-03T16:06:14-04:00   0940634b7f224d8e310f520611ca440d
assets/main.min.css:
  development: 2018-04-04T12:00:44-04:00   4663e688be1a51789dcc936f362e8599
assets/main.min.css.map:
  development: 2018-04-03T16:06:14-04:00   e1338bb491140abd827b0f0ee1256615
assets/main.min.js:
  development: 2018-04-04T11:52:55-04:00   379555525fbacc78da6c30f522f3919f
assets/moon.svg:
  development: 2018-04-03T16:06:14-04:00   2cf0a819a66e43280fe5ff83d9f2bdf5
assets/option_selection.js:
  development: 2018-04-03T16:06:14-04:00   2c6231664b43b04ff80dc88d50fc347f
assets/shopify_common.js:
  development: 2018-04-03T16:06:14-04:00   bf001459d7d6c7c05491db53511b03b1
assets/social.jpg:
  development: 2018-04-03T19:24:28-04:00   f16839ea9a9cbcd67729f9f8ae24773d
assets/soldout.png:
  development: 2018-04-03T16:06:14-04:00   6a7697db19e17aae7568e216c2b365af
assets/sonne.svg:
  development: 2018-04-03T16:06:14-04:00   e114a6c1303813571d057ce53ef8b6b9
assets/subscribe.jpg:
  development: 2018-04-03T16:06:15-04:00   7abfe2bb4fe6cc081f8ff284183f0993
assets/sun.svg:
  development: 2018-04-03T16:06:15-04:00   ac20c63c663417f528891ffd304afba5
assets/swatches.css.liquid:
  development: 2018-04-03T16:06:15-04:00   75f19ba63a65a3e850ff24a707bac013
assets/theme.js.liquid:
  development: 2018-04-03T16:06:15-04:00   546113b2b13843ea59a71e498009b83b
assets/vendor.min.css:
  development: 2018-04-03T16:06:15-04:00   d66e2fb62859704e16091ba118017fdd
assets/vendor.min.js:
  development: 2018-04-03T16:06:15-04:00   71c92cb7237179ca4e8dac9109ec0d98
config/settings_data.json:
  development: 2018-04-03T16:29:42-04:00   925f95afab3dbb1edc1e76ee3dd85bd8
config/settings_schema.json:
  development: 2018-04-03T16:29:22-04:00   65e9666af30ed7199f8f8f823c2b4df5
layout/theme.liquid:
  development: 2018-04-04T11:52:51-04:00   b12fac4ae1122003f9ac80eeec34a27a
layout/theme.naked.liquid:
  development: 2018-04-03T16:06:15-04:00   57a1d6cdeafc98ce8d294c03e8da1bf1
locales/en.default.json:
  development: 2018-04-03T16:29:07-04:00   0a791f30da40a2af3f9b331f7d3ec7fe
sections/explainer-template.liquid:
  development: 2018-04-03T16:06:11-04:00   6eb38774a728366b085dd10d6ffc11bc
sections/feature-template.liquid:
  development: 2018-04-03T16:06:11-04:00   625e68d3383154cbfaf4dbfa866d2dcb
sections/hero-template.liquid:
  development: 2018-04-03T16:06:12-04:00   5c4da57d1345c142835595725ce7d466
sections/quote-template.liquid:
  development: 2018-04-03T16:06:12-04:00   7eb38674a060624db195debf81055bba
snippets/ajaxify-cart.liquid:
  development: 2018-04-03T16:06:16-04:00   a83bf4d5c60aabd9301cc7f8e5bc90c3
snippets/collection-sorting.liquid:
  development: 2018-04-03T16:06:16-04:00   a45abeb9439eba8b29d6fb6da5328258
snippets/footer.liquid:
  development: 2018-04-04T11:53:09-04:00   33c7b507ca9a2d61d0997956ccdefdba
snippets/header.liquid:
  development: 2018-04-04T11:52:57-04:00   e6c5f19a7c75099793535eb3f3e6ab7a
snippets/notification.liquid:
  development: 2018-04-03T16:06:16-04:00   a14cbfc152e36d923b9afe402268a1be
snippets/page-header.liquid:
  development: 2018-04-03T16:06:16-04:00   cc8a9501489f3ee5fe1b2a4074c14d72
snippets/product-breadcrumbs.liquid:
  development: 2018-04-03T16:06:16-04:00   6ba6215aeeb3d43fa95fe2ee8c37b4c1
snippets/product-form.liquid:
  development: 2018-04-03T16:06:16-04:00   8b5c676cc074cbdc986ca63c969b298c
snippets/product-grid-item.liquid:
  development: 2018-04-03T16:06:16-04:00   8a18b0a452a1bafbfa962630ab8a9197
snippets/product-image-single.liquid:
  development: 2018-04-03T16:06:16-04:00   8eda2f1c546e559ee3f88c6590606f26
snippets/product-images.liquid:
  development: 2018-04-03T16:06:16-04:00   6e148dd44447d2a89a18d384d86e551b
snippets/product-item.liquid:
  development: 2018-04-03T16:29:10-04:00   3f98d1ad44bf37489cc41d3e7be857bc
snippets/product-thumbs.liquid:
  development: 2018-04-03T16:06:16-04:00   03058db53c6414be28c874d2ad9a1934
snippets/search-grid-item.liquid:
  development: 2018-04-03T16:06:16-04:00   21de2976dd393370bfab1b8cad9a1109
snippets/site-footer.liquid:
  development: 2018-04-03T16:06:16-04:00   901658ecceb57b4d88460ac5e3e7f7e4
snippets/subscribe-form.liquid:
  development: 2018-04-03T16:06:16-04:00   fc9b29322439030da0f1a09ff609b202
snippets/subscribe.liquid:
  development: 2018-04-03T16:06:16-04:00   cb848c3e2ed969e04de8c22ebf921c23
snippets/swatch.liquid:
  development: 2018-04-03T16:29:28-04:00   24862626269fffb3aa68f1cda342286c
snippets/swatches.liquid:
  development: 2018-04-03T16:29:31-04:00   24862626269fffb3aa68f1cda342286c
templates/404.liquid:
  development: 2018-04-03T16:06:16-04:00   153e2e400162f1ffc97dba4700b0d62b
templates/article.liquid:
  development: 2018-04-03T16:06:16-04:00   ade6f93b4427ea6f91c320463f2dacec
templates/blog.liquid:
  development: 2018-04-03T16:06:17-04:00   0598241c38b5f2aafb30cbaf1219373e
templates/cart.liquid:
  development: 2018-04-03T16:06:17-04:00   02bf902e6e9397122ba4874000e63504
templates/collection.liquid:
  development: 2018-04-03T16:06:17-04:00   ffaea2bd938b134d32b3442797dd6786
templates/customers/account.liquid:
  development: 2018-04-03T16:06:17-04:00   296018d83096044d7e3713d0b9f82226
templates/customers/activate_account.liquid:
  development: 2018-04-03T16:06:17-04:00   325913e4a868a5a5852749f158d98065
templates/customers/addresses.liquid:
  development: 2018-04-03T16:06:17-04:00   66a51c6f81027563153163c88c7eb374
templates/customers/login.liquid:
  development: 2018-04-03T16:06:17-04:00   b4c362e345add09698bda8a8d0261b20
templates/customers/order.liquid:
  development: 2018-04-03T16:06:17-04:00   87b5090195c754551a8cab5424796bf4
templates/customers/register.liquid:
  development: 2018-04-03T16:06:17-04:00   a231d072b1a914498071f4cc17d75711
templates/customers/reset_password.liquid:
  development: 2018-04-03T16:06:17-04:00   c52cb1425f2aa4d0a3dbb557f3749fce
templates/index.liquid:
  development: 2018-04-04T11:52:42-04:00   111b7eea98de72022e5010d509c680ef
templates/index.old.liquid:
  development: 2018-04-03T16:06:17-04:00   c4850c871118ec2bb963f60c377f0cca
templates/list-collections.liquid:
  development: 2018-04-03T16:06:17-04:00   31e3dc19c53b28349257f298c8f11c22
templates/page.liquid:
  development: 2018-04-03T16:06:17-04:00   fac0e67335e3d2665f644c69e0187f92
templates/password.liquid:
  development: 2018-04-03T16:06:17-04:00   e6d92c0f476b3877372e525c399bd0e8
templates/product.liquid:
  development: 2018-04-03T16:06:17-04:00   b4eeaa36e4e582047b26228a097a5ad5
templates/search.liquid:
  development: 2018-04-03T16:06:17-04:00   ccc9508f4c5e7043ee796775bcb10ce8
