# THIS IS AN AUTOGENERATED FILE. DO NOT EDIT THIS FILE DIRECTLY.
assets/main.min.css:
  development: 2018-01-27T12:42:45-05:00   03f32840df001305c6ae7f6de79d3e9c
assets/main.min.js:
  development: 2018-01-27T12:34:15-05:00   3e8094c1fd7007612ca879820af71cb3
assets/option_selection.js:
  development: 2018-01-27T12:26:20-05:00   2c6231664b43b04ff80dc88d50fc347f
assets/shopify_common.js:
  development: 2018-01-27T12:26:21-05:00   bf001459d7d6c7c05491db53511b03b1
assets/vendor.min.css:
  development: 2018-01-27T12:26:21-05:00   d66e2fb62859704e16091ba118017fdd
assets/vendor.min.js:
  development: 2018-01-27T12:34:18-05:00   1e3d4814eda122b93cdbb0f289ec1425
config/settings_data.json:
  development: 2018-01-27T12:26:20-05:00   99914b932bd37a50b983c5e7c90ae93b
config/settings_schema.json:
  development: 2018-01-27T12:34:19-05:00   a1aad4925e9a7569560e23cc6ecf93c1
layout/theme.liquid:
  development: 2018-01-27T12:26:21-05:00   b49886a0117e93e6e7ca9b27e4315fec
snippets/footer.liquid:
  development: 2018-01-27T12:45:10-05:00   312c102168186165ae76fa0c37b214f2
snippets/header.liquid:
  development: 2018-01-27T12:45:29-05:00   a415ffef8dea9bbb53f1b2e86141d003
snippets/nav.liquid:
  development: 2018-01-27T12:26:21-05:00   80ec9d7542f21e3f8416a6ec08cbcf69
snippets/product-item.liquid:
  development: 2018-01-27T12:46:08-05:00
templates/404.liquid:
  development: 2018-01-27T12:26:21-05:00   153e2e400162f1ffc97dba4700b0d62b
templates/article.liquid:
  development: 2018-01-27T12:26:21-05:00   ade6f93b4427ea6f91c320463f2dacec
templates/blog.liquid:
  development: 2018-01-27T12:26:21-05:00   0598241c38b5f2aafb30cbaf1219373e
templates/cart.liquid:
  development: 2018-01-27T12:43:51-05:00   d56577cb1697279f43ac1a3c9a867073
templates/collection.liquid:
  development: 2018-01-27T12:45:57-05:00   65c699be25cfea1d0da3951f77f31902
templates/index.liquid:
  development: 2018-01-27T12:26:21-05:00   9b42129f3df9d61e7d1c42dc2ef2b1c0
templates/list-collections.liquid:
  development: 2018-01-27T12:26:21-05:00   31e3dc19c53b28349257f298c8f11c22
templates/page.liquid:
  development: 2018-01-27T12:26:21-05:00   fac0e67335e3d2665f644c69e0187f92
templates/password.liquid:
  development: 2018-01-27T12:26:21-05:00   53eb5f0c8643496a7cfb5458addb14e0
templates/product.liquid:
  development: 2018-01-27T12:26:21-05:00   6c953e04acee44107bd3c3c3d7cf88f4
templates/search.liquid:
  development: 2018-01-27T12:26:21-05:00   ccc9508f4c5e7043ee796775bcb10ce8
